{
    "_readme": [
        "This file locks the dependencies of your project to a known state",
        "Read more about it at https://getcomposer.org/doc/01-basic-usage.md#installing-dependencies",
        "This file is @generated automatically"
    ],
    "content-hash": "d5b611a602ec822868bdb35b77974470",
    "packages": [
        {
            "name": "erusev/parsedown",
            "version": "1.7.4",
            "source": {
                "type": "git",
                "url": "https://github.com/erusev/parsedown.git",
                "reference": "cb17b6477dfff935958ba01325f2e8a2bfa6dab3"
            },
            "dist": {
                "type": "zip",
                "url": "https://api.github.com/repos/erusev/parsedown/zipball/cb17b6477dfff935958ba01325f2e8a2bfa6dab3",
                "reference": "cb17b6477dfff935958ba01325f2e8a2bfa6dab3",
                "shasum": ""
            },
            "require": {
                "ext-mbstring": "*",
                "php": ">=5.3.0"
            },
            "require-dev": {
                "phpunit/phpunit": "^4.8.35"
            },
            "type": "library",
            "autoload": {
                "psr-0": {
                    "Parsedown": ""
                }
            },
            "notification-url": "https://packagist.org/downloads/",
            "license": [
                "MIT"
            ],
            "authors": [
                {
                    "name": "Emanuil Rusev",
                    "email": "hello@erusev.com",
                    "homepage": "http://erusev.com"
                }
            ],
            "description": "Parser for Markdown.",
            "homepage": "http://parsedown.org",
            "keywords": [
                "markdown",
                "parser"
            ],
            "support": {
                "issues": "https://github.com/erusev/parsedown/issues",
                "source": "https://github.com/erusev/parsedown/tree/1.7.x"
            },
            "time": "2019-12-30T22:54:17+00:00"
        },
        {
            "name": "ezyang/htmlpurifier",
            "version": "v4.16.0",
            "source": {
                "type": "git",
                "url": "https://github.com/ezyang/htmlpurifier.git",
                "reference": "523407fb06eb9e5f3d59889b3978d5bfe94299c8"
            },
            "dist": {
                "type": "zip",
                "url": "https://api.github.com/repos/ezyang/htmlpurifier/zipball/523407fb06eb9e5f3d59889b3978d5bfe94299c8",
                "reference": "523407fb06eb9e5f3d59889b3978d5bfe94299c8",
                "shasum": ""
            },
            "require": {
                "php": "~5.6.0 || ~7.0.0 || ~7.1.0 || ~7.2.0 || ~7.3.0 || ~7.4.0 || ~8.0.0 || ~8.1.0 || ~8.2.0"
            },
            "require-dev": {
                "cerdic/css-tidy": "^1.7 || ^2.0",
                "simpletest/simpletest": "dev-master"
            },
            "suggest": {
                "cerdic/css-tidy": "If you want to use the filter 'Filter.ExtractStyleBlocks'.",
                "ext-bcmath": "Used for unit conversion and imagecrash protection",
                "ext-iconv": "Converts text to and from non-UTF-8 encodings",
                "ext-tidy": "Used for pretty-printing HTML"
            },
            "type": "library",
            "autoload": {
                "files": [
                    "library/HTMLPurifier.composer.php"
                ],
                "psr-0": {
                    "HTMLPurifier": "library/"
                },
                "exclude-from-classmap": [
                    "/library/HTMLPurifier/Language/"
                ]
            },
            "notification-url": "https://packagist.org/downloads/",
            "license": [
                "LGPL-2.1-or-later"
            ],
            "authors": [
                {
                    "name": "Edward Z. Yang",
                    "email": "admin@htmlpurifier.org",
                    "homepage": "http://ezyang.com"
                }
            ],
            "description": "Standards compliant HTML filter written in PHP",
            "homepage": "http://htmlpurifier.org/",
            "keywords": [
                "html"
            ],
            "support": {
                "issues": "https://github.com/ezyang/htmlpurifier/issues",
                "source": "https://github.com/ezyang/htmlpurifier/tree/v4.16.0"
            },
            "time": "2022-09-18T07:06:19+00:00"
        },
        {
            "name": "fellowgeek/php-ref",
            "version": "dev-master",
            "source": {
                "type": "git",
                "url": "https://github.com/fellowgeek/php-ref.git",
                "reference": "576fc872d2cd53e8a01a2d0b9154d7c37f9b558c"
            },
            "dist": {
                "type": "zip",
                "url": "https://api.github.com/repos/fellowgeek/php-ref/zipball/576fc872d2cd53e8a01a2d0b9154d7c37f9b558c",
                "reference": "576fc872d2cd53e8a01a2d0b9154d7c37f9b558c",
                "shasum": ""
            },
            "require": {
                "php": ">=5.3.0"
            },
            "default-branch": true,
            "type": "library",
            "autoload": {
                "files": [
                    "ref.php"
                ]
            },
            "notification-url": "https://packagist.org/downloads/",
            "license": [
                "MIT"
            ],
            "description": "A nicer print_r/var_dump alternative for PHP 5.3+",
            "homepage": "https://github.com/fellowgeek/php-ref",
            "keywords": [
                "debug",
                "var_dump"
            ],
            "support": {
                "issues": "https://github.com/fellowgeek/php-ref/issues",
                "source": "https://github.com/fellowgeek/php-ref/tree/master"
            },
            "time": "2023-03-16T00:44:28+00:00"
        },
        {
            "name": "filp/whoops",
            "version": "2.15.1",
            "source": {
                "type": "git",
                "url": "https://github.com/filp/whoops.git",
                "reference": "e864ac957acd66e1565f25efda61e37791a5db0b"
            },
            "dist": {
                "type": "zip",
                "url": "https://api.github.com/repos/filp/whoops/zipball/e864ac957acd66e1565f25efda61e37791a5db0b",
                "reference": "e864ac957acd66e1565f25efda61e37791a5db0b",
                "shasum": ""
            },
            "require": {
                "php": "^5.5.9 || ^7.0 || ^8.0",
                "psr/log": "^1.0.1 || ^2.0 || ^3.0"
            },
            "require-dev": {
                "mockery/mockery": "^0.9 || ^1.0",
                "phpunit/phpunit": "^4.8.36 || ^5.7.27 || ^6.5.14 || ^7.5.20 || ^8.5.8 || ^9.3.3",
                "symfony/var-dumper": "^2.6 || ^3.0 || ^4.0 || ^5.0"
            },
            "suggest": {
                "symfony/var-dumper": "Pretty print complex values better with var-dumper available",
                "whoops/soap": "Formats errors as SOAP responses"
            },
            "type": "library",
            "extra": {
                "branch-alias": {
                    "dev-master": "2.7-dev"
                }
            },
            "autoload": {
                "psr-4": {
                    "Whoops\\": "src/Whoops/"
                }
            },
            "notification-url": "https://packagist.org/downloads/",
            "license": [
                "MIT"
            ],
            "authors": [
                {
                    "name": "Filipe Dobreira",
                    "homepage": "https://github.com/filp",
                    "role": "Developer"
                }
            ],
            "description": "php error handling for cool kids",
            "homepage": "https://filp.github.io/whoops/",
            "keywords": [
                "error",
                "exception",
                "handling",
                "library",
                "throwable",
                "whoops"
            ],
            "support": {
                "issues": "https://github.com/filp/whoops/issues",
                "source": "https://github.com/filp/whoops/tree/2.15.1"
            },
            "funding": [
                {
                    "url": "https://github.com/denis-sokolov",
                    "type": "github"
                }
            ],
            "time": "2023-03-06T18:09:13+00:00"
        },
        {
            "name": "monolog/monolog",
            "version": "1.27.1",
            "source": {
                "type": "git",
                "url": "https://github.com/Seldaek/monolog.git",
                "reference": "904713c5929655dc9b97288b69cfeedad610c9a1"
            },
            "dist": {
                "type": "zip",
                "url": "https://api.github.com/repos/Seldaek/monolog/zipball/904713c5929655dc9b97288b69cfeedad610c9a1",
                "reference": "904713c5929655dc9b97288b69cfeedad610c9a1",
                "shasum": ""
            },
            "require": {
                "php": ">=5.3.0",
                "psr/log": "~1.0"
            },
            "provide": {
                "psr/log-implementation": "1.0.0"
            },
            "require-dev": {
                "aws/aws-sdk-php": "^2.4.9 || ^3.0",
                "doctrine/couchdb": "~1.0@dev",
                "graylog2/gelf-php": "~1.0",
                "php-amqplib/php-amqplib": "~2.4",
                "php-console/php-console": "^3.1.3",
                "phpstan/phpstan": "^0.12.59",
                "phpunit/phpunit": "~4.5",
                "ruflin/elastica": ">=0.90 <3.0",
                "sentry/sentry": "^0.13",
                "swiftmailer/swiftmailer": "^5.3|^6.0"
            },
            "suggest": {
                "aws/aws-sdk-php": "Allow sending log messages to AWS services like DynamoDB",
                "doctrine/couchdb": "Allow sending log messages to a CouchDB server",
                "ext-amqp": "Allow sending log messages to an AMQP server (1.0+ required)",
                "ext-mongo": "Allow sending log messages to a MongoDB server",
                "graylog2/gelf-php": "Allow sending log messages to a GrayLog2 server",
                "mongodb/mongodb": "Allow sending log messages to a MongoDB server via PHP Driver",
                "php-amqplib/php-amqplib": "Allow sending log messages to an AMQP server using php-amqplib",
                "php-console/php-console": "Allow sending log messages to Google Chrome",
                "rollbar/rollbar": "Allow sending log messages to Rollbar",
                "ruflin/elastica": "Allow sending log messages to an Elastic Search server",
                "sentry/sentry": "Allow sending log messages to a Sentry server"
            },
            "type": "library",
            "autoload": {
                "psr-4": {
                    "Monolog\\": "src/Monolog"
                }
            },
            "notification-url": "https://packagist.org/downloads/",
            "license": [
                "MIT"
            ],
            "authors": [
                {
                    "name": "Jordi Boggiano",
                    "email": "j.boggiano@seld.be",
                    "homepage": "http://seld.be"
                }
            ],
            "description": "Sends your logs to files, sockets, inboxes, databases and various web services",
            "homepage": "http://github.com/Seldaek/monolog",
            "keywords": [
                "log",
                "logging",
                "psr-3"
            ],
            "support": {
                "issues": "https://github.com/Seldaek/monolog/issues",
                "source": "https://github.com/Seldaek/monolog/tree/1.27.1"
            },
            "funding": [
                {
                    "url": "https://github.com/Seldaek",
                    "type": "github"
                },
                {
                    "url": "https://tidelift.com/funding/github/packagist/monolog/monolog",
                    "type": "tidelift"
                }
            ],
            "time": "2022-06-09T08:53:42+00:00"
        },
        {
            "name": "psr/log",
            "version": "1.1.4",
            "source": {
                "type": "git",
                "url": "https://github.com/php-fig/log.git",
                "reference": "d49695b909c3b7628b6289db5479a1c204601f11"
            },
            "dist": {
                "type": "zip",
                "url": "https://api.github.com/repos/php-fig/log/zipball/d49695b909c3b7628b6289db5479a1c204601f11",
                "reference": "d49695b909c3b7628b6289db5479a1c204601f11",
                "shasum": ""
            },
            "require": {
                "php": ">=5.3.0"
            },
            "type": "library",
            "extra": {
                "branch-alias": {
                    "dev-master": "1.1.x-dev"
                }
            },
            "autoload": {
                "psr-4": {
                    "Psr\\Log\\": "Psr/Log/"
                }
            },
            "notification-url": "https://packagist.org/downloads/",
            "license": [
                "MIT"
            ],
            "authors": [
                {
                    "name": "PHP-FIG",
                    "homepage": "https://www.php-fig.org/"
                }
            ],
            "description": "Common interface for logging libraries",
            "homepage": "https://github.com/php-fig/log",
            "keywords": [
                "log",
                "psr",
                "psr-3"
            ],
            "support": {
                "source": "https://github.com/php-fig/log/tree/1.1.4"
            },
            "time": "2021-05-03T11:20:27+00:00"
        }
    ],
    "packages-dev": [],
    "aliases": [],
    "minimum-stability": "stable",
    "stability-flags": {
        "fellowgeek/php-ref": 20
    },
    "prefer-stable": false,
    "prefer-lowest": false,
    "platform": [],
    "platform-dev": [],
    "plugin-api-version": "2.3.0"
}
